
Microsoft Visual Studio Solution File, Format Version 12.00
# Visual Studio Version 17
VisualStudioVersion = 17.14.36705.20 d17.14
MinimumVisualStudioVersion = 10.0.40219.1
Project("{FAE04EC0-301F-11D3-BF4B-00C04F79EFBC}") = "Management.Domain", "Management.Domain\Management.Domain.csproj", "{A3654EBC-1F02-474B-884C-D6ACBD3446D8}"
EndProject
Project("{FAE04EC0-301F-11D3-BF4B-00C04F79EFBC}") = "Management.Infrastructure", "Management.Infrastructure\Management.Infrastructure.csproj", "{68919236-999F-48AF-AD26-2D76ED616214}"
EndProject
Project("{FAE04EC0-301F-11D3-BF4B-00C04F79EFBC}") = "Management.Application", "Management.Application\Management.Application.csproj", "{1D5D1578-4393-47F0-A8C6-362DAEEEE651}"
EndProject
Project("{FAE04EC0-301F-11D3-BF4B-00C04F79EFBC}") = "Management.Clientt", "Management.Clientt\Management.Clientt.csproj", "{BD164A31-E36E-4620-8C9D-404088A920C7}"
EndProject
Global
	GlobalSection(SolutionConfigurationPlatforms) = preSolution
		Debug|Any CPU = Debug|Any CPU
		Release|Any CPU = Release|Any CPU
	EndGlobalSection
	GlobalSection(ProjectConfigurationPlatforms) = postSolution
		{A3654EBC-1F02-474B-884C-D6ACBD3446D8}.Debug|Any CPU.ActiveCfg = Debug|Any CPU
		{A3654EBC-1F02-474B-884C-D6ACBD3446D8}.Debug|Any CPU.Build.0 = Debug|Any CPU
		{A3654EBC-1F02-474B-884C-D6ACBD3446D8}.Release|Any CPU.ActiveCfg = Release|Any CPU
		{A3654EBC-1F02-474B-884C-D6ACBD3446D8}.Release|Any CPU.Build.0 = Release|Any CPU
		{68919236-999F-48AF-AD26-2D76ED616214}.Debug|Any CPU.ActiveCfg = Debug|Any CPU
		{68919236-999F-48AF-AD26-2D76ED616214}.Debug|Any CPU.Build.0 = Debug|Any CPU
		{68919236-999F-48AF-AD26-2D76ED616214}.Release|Any CPU.ActiveCfg = Release|Any CPU
		{68919236-999F-48AF-AD26-2D76ED616214}.Release|Any CPU.Build.0 = Release|Any CPU
		{1D5D1578-4393-47F0-A8C6-362DAEEEE651}.Debug|Any CPU.ActiveCfg = Debug|Any CPU
		{1D5D1578-4393-47F0-A8C6-362DAEEEE651}.Debug|Any CPU.Build.0 = Debug|Any CPU
		{1D5D1578-4393-47F0-A8C6-362DAEEEE651}.Release|Any CPU.ActiveCfg = Release|Any CPU
		{1D5D1578-4393-47F0-A8C6-362DAEEEE651}.Release|Any CPU.Build.0 = Release|Any CPU
		{BD164A31-E36E-4620-8C9D-404088A920C7}.Debug|Any CPU.ActiveCfg = Debug|Any CPU
		{BD164A31-E36E-4620-8C9D-404088A920C7}.Debug|Any CPU.Build.0 = Debug|Any CPU
		{BD164A31-E36E-4620-8C9D-404088A920C7}.Release|Any CPU.ActiveCfg = Release|Any CPU
		{BD164A31-E36E-4620-8C9D-404088A920C7}.Release|Any CPU.Build.0 = Release|Any CPU
	EndGlobalSection
	GlobalSection(SolutionProperties) = preSolution
		HideSolutionNode = FALSE
	EndGlobalSection
	GlobalSection(ExtensibilityGlobals) = postSolution
		SolutionGuid = {6207D3CE-A52D-4767-8BEA-E290B5E97D46}
	EndGlobalSection
EndGlobal
